// !$*UTF8*$!
{
	archiveVersion = 1;
	classes = {
	};
	objectVersion = 50;
	objects = {

/* Begin PBXBuildFile section */
		C76FDBCF263B0DB80079EA59 /* AppDelegate.swift in Sources */ = {isa = PBXBuildFile; fileRef = C76FDBCE263B0DB80079EA59 /* AppDelegate.swift */; };
		C76FDBD1263B0DB80079EA59 /* SceneDelegate.swift in Sources */ = {isa = PBXBuildFile; fileRef = C76FDBD0263B0DB80079EA59 /* SceneDelegate.swift */; };
		C76FDBD3263B0DB80079EA59 /* ViewController.swift in Sources */ = {isa = PBXBuildFile; fileRef = C76FDBD2263B0DB80079EA59 /* ViewController.swift */; };
		C76FDBD6263B0DB80079EA59 /* Main.storyboard in Resources */ = {isa = PBXBuildFile; fileRef = C76FDBD4263B0DB80079EA59 /* Main.storyboard */; };
		C76FDBD8263B0DBF0079EA59 /* Assets.xcassets in Resources */ = {isa = PBXBuildFile; fileRef = C76FDBD7263B0DBF0079EA59 /* Assets.xcassets */; };
		C76FDBDB263B0DBF0079EA59 /* LaunchScreen.storyboard in Resources */ = {isa = PBXBuildFile; fileRef = C76FDBD9263B0DBF0079EA59 /* LaunchScreen.storyboard */; };
/* End PBXBuildFile section */

/* Begin PBXFileReference section */
		C76FDBCB263B0DB80079EA59 /* customCamera.app */ = {isa = PBXFileReference; explicitFileType = wrapper.application; includeInIndex = 0; path = customCamera.app; sourceTree = BUILT_PRODUCTS_DIR; };
		C76FDBCE263B0DB80079EA59 /* AppDelegate.swift */ = {isa = PBXFileReference; lastKnownFileType = sourcecode.swift; path = AppDelegate.swift; sourceTree = "<group>"; };
		C76FDBD0263B0DB80079EA59 /* SceneDelegate.swift */ = {isa = PBXFileReference; lastKnownFileType = sourcecode.swift; path = SceneDelegate.swift; sourceTree = "<group>"; };
		C76FDBD2263B0DB80079EA59 /* ViewController.swift */ = {isa = PBXFileReference; lastKnownFileType = sourcecode.swift; path = ViewController.swift; sourceTree = "<group>"; };
		C76FDBD5263B0DB80079EA59 /* Base */ = {isa = PBXFileReference; lastKnownFileType = file.storyboard; name = Base; path = Base.lproj/Main.storyboard; sourceTree = "<group>"; };
		C76FDBD7263B0DBF0079EA59 /* Assets.xcassets */ = {isa = PBXFileReference; lastKnownFileType = folder.assetcatalog; path = Assets.xcassets; sourceTree = "<group>"; };
		C76FDBDA263B0DBF0079EA59 /* Base */ = {isa = PBXFileReference; lastKnownFileType = file.storyboard; name = Base; path = Base.lproj/LaunchScreen.storyboard; sourceTree = "<group>"; };
		C76FDBDC263B0DBF0079EA59 /* Info.plist */ = {isa = PBXFileReference; lastKnownFileType = text.plist.xml; path = Info.plist; sourceTree = "<group>"; };
/* End PBXFileReference section */

/* Begin PBXFrameworksBuildPhase section */
		C76FDBC8263B0DB80079EA59 /* Frameworks */ = {
			isa = PBXFrameworksBuildPhase;
			buildActionMask = 2147483647;
			files = (
			);
			runOnlyForDeploymentPostprocessing = 0;
		};
/* End PBXFrameworksBuildPhase section */

/* Begin PBXGroup section */
		C76FDBC2263B0DB80079EA59 = {
			isa = PBXGroup;
			children = (
				C76FDBCD263B0DB80079EA59 /* customCamera */,
				C76FDBCC263B0DB80079EA59 /* Products */,
			);
			sourceTree = "<group>";
		};
		C76FDBCC263B0DB80079EA59 /* Products */ = {
			isa = PBXGroup;
			children = (
				C76FDBCB263B0DB80079EA59 /* customCamera.app */,
			);
			name = Products;
			sourceTree = "<group>";
		};
		C76FDBCD263B0DB80079EA59 /* customCamera */ = {
			isa = PBXGroup;
			children = (
				C76FDBCE263B0DB80079EA59 /* AppDelegate.swift */,
				C76FDBD0263B0DB80079EA59 /* SceneDelegate.swift */,
				C76FDBD2263B0DB80079EA59 /* ViewController.swift */,
				C76FDBD4263B0DB80079EA59 /* Main.storyboard */,
				C76FDBD7263B0DBF0079EA59 /* Assets.xcassets */,
				C76FDBD9263B0DBF0079EA59 /* LaunchScreen.storyboard */,
				C76FDBDC263B0DBF0079EA59 /* Info.plist */,
			);
			path = customCamera;
			sourceTree = "<group>";
		};
/* End PBXGroup section */

/* Begin PBXNativeTarget section */
		C76FDBCA263B0DB80079EA59 /* customCamera */ = {
			isa = PBXNativeTarget;
			buildConfigurationList = C76FDBDF263B0DBF0079EA59 /* Build configuration list for PBXNativeTarget "customCamera" */;
			buildPhases = (
				C76FDBC7263B0DB80079EA59 /* Sources */,
				C76FDBC8263B0DB80079EA59 /* Frameworks */,
				C76FDBC9263B0DB80079EA59 /* Resources */,
			);
			buildRules = (
			);
			dependencies = (
			);
			name = customCamera;
			productName = customCamera;
			productReference = C76FDBCB263B0DB80079EA59 /* customCamera.app */;
			productType = "com.apple.product-type.application";
		};
/* End PBXNativeTarget section */

/* Begin PBXProject section */
		C76FDBC3263B0DB80079EA59 /* Project object */ = {
			isa = PBXProject;
			attributes = {
				LastSwiftUpdateCheck = 1120;
				LastUpgradeCheck = 1120;
				ORGANIZATIONNAME = Nitpa.org;
				TargetAttributes = {
					C76FDBCA263B0DB80079EA59 = {
						CreatedOnToolsVersion = 11.2.1;
					};
				};
			};
			buildConfigurationList = C76FDBC6263B0DB80079EA59 /* Build configuration list for PBXProject "customCamera" */;
			compatibilityVersion = "Xcode 9.3";
			developmentRegion = en;
			hasScannedForEncodings = 0;
			knownRegions = (
				en,
				Base,
			);
			mainGroup = C76FDBC2263B0DB80079EA59;
			productRefGroup = C76FDBCC263B0DB80079EA59 /* Products */;
			projectDirPath = "";
			projectRoot = "";
			targets = (
				C76FDBCA263B0DB80079EA59 /* customCamera */,
			);
		};
/* End PBXProject section */

/* Begin PBXResourcesBuildPhase section */
		C76FDBC9263B0DB80079EA59 /* Resources */ = {
			isa = PBXResourcesBuildPhase;
			buildActionMask = 2147483647;
			files = (
				C76FDBDB263B0DBF0079EA59 /* LaunchScreen.storyboard in Resources */,
				C76FDBD8263B0DBF0079EA59 /* Assets.xcassets in Resources */,
				C76FDBD6263B0DB80079EA59 /* Main.storyboard in Resources */,
			);
			runOnlyForDeploymentPostprocessing = 0;
		};
/* End PBXResourcesBuildPhase section */

/* Begin PBXSourcesBuildPhase section */
		C76FDBC7263B0DB80079EA59 /* Sources */ = {
			isa = PBXSourcesBuildPhase;
			buildActionMask = 2147483647;
			files = (
				C76FDBD3263B0DB80079EA59 /* ViewController.swift in Sources */,
				C76FDBCF263B0DB80079EA59 /* AppDelegate.swift in Sources */,
				C76FDBD1263B0DB80079EA59 /* SceneDelegate.swift in Sources */,
			);
			runOnlyForDeploymentPostprocessing = 0;
		};
/* End PBXSourcesBuildPhase section */

/* Begin PBXVariantGroup section */
		C76FDBD4263B0DB80079EA59 /* Main.storyboard */ = {
			isa = PBXVariantGroup;
			children = (
				C76FDBD5263B0DB80079EA59 /* Base */,
			);
			name = Main.storyboard;
			sourceTree = "<group>";
		};
		C76FDBD9263B0DBF0079EA59 /* LaunchScreen.storyboard */ = {
			isa = PBXVariantGroup;
			children = (
				C76FDBDA263B0DBF0079EA59 /* Base */,
			);
			name = LaunchScreen.storyboard;
			sourceTree = "<group>";
		};
/* End PBXVariantGroup section */

/* Begin XCBuildConfiguration section */
		C76FDBDD263B0DBF0079EA59 /* Debug */ = {
			isa = XCBuildConfiguration;
			buildSettings = {
				ALWAYS_SEARCH_USER_PATHS = NO;
				CLANG_ANALYZER_NONNULL = YES;
				CLANG_ANALYZER_NUMBER_OBJECT_CONVERSION = YES_AGGRESSIVE;
				CLANG_CXX_LANGUAGE_STANDARD = "gnu++14";
				CLANG_CXX_LIBRARY = "libc++";
				CLANG_ENABLE_MODULES = YES;
				CLANG_ENABLE_OBJC_ARC = YES;
				CLANG_ENABLE_OBJC_WEAK = YES;
				CLANG_WARN_BLOCK_CAPTURE_AUTORELEASING = YES;
				CLANG_WARN_BOOL_CONVERSION = YES;
				CLANG_WARN_COMMA = YES;
				CLANG_WARN_CONSTANT_CONVERSION = YES;
				CLANG_WARN_DEPRECATED_OBJC_IMPLEMENTATIONS = YES;
				CLANG_WARN_DIRECT_OBJC_ISA_USAGE = YES_ERROR;
				CLANG_WARN_DOCUMENTATION_COMMENTS = YES;
				CLANG_WARN_EMPTY_BODY = YES;
				CLANG_WARN_ENUM_CONVERSION = YES;
				CLANG_WARN_INFINITE_RECURSION = YES;
				CLANG_WARN_INT_CONVERSION = YES;
				CLANG_WARN_NON_LITERAL_NULL_CONVERSION = YES;
				CLANG_WARN_OBJC_IMPLICIT_RETAIN_SELF = YES;
				CLANG_WARN_OBJC_LITERAL_CONVERSION = YES;
				CLANG_WARN_OBJC_ROOT_CLASS = YES_ERROR;
				CLANG_WARN_RANGE_LOOP_ANALYSIS = YES;
				CLANG_WARN_STRICT_PROTOTYPES = YES;
				CLANG_WARN_SUSPICIOUS_MOVE = YES;
				CLANG_WARN_UNGUARDED_AVAILABILITY = YES_AGGRESSIVE;
				CLANG_WARN_UNREACHABLE_CODE = YES;
				CLANG_WARN__DUPLICATE_METHOD_MATCH = YES;
				COPY_PHASE_STRIP = NO;
				DEBUG_INFORMATION_FORMAT = dwarf;
				ENABLE_STRICT_OBJC_MSGSEND = YES;
				ENABLE_TESTABILITY = YES;
				GCC_C_LANGUAGE_STANDARD = gnu11;
				GCC_DYNAMIC_NO_PIC = NO;
				GCC_NO_COMMON_BLOCKS = YES;
				GCC_OPTIMIZATION_LEVEL = 0;
				GCC_PREPROCESSOR_DEFINITIONS = (
					"DEBUG=1",
					"$(inherited)",
				);
				GCC_WARN_64_TO_32_BIT_CONVERSION = YES;
				GCC_WARN_ABOUT_RETURN_TYPE = YES_ERROR;
				GCC_WARN_UNDECLARED_SELECTOR = YES;
				GCC_WARN_UNINITIALIZED_AUTOS = YES_AGGRESSIVE;
				GCC_WARN_UNUSED_FUNCTION = YES;
				GCC_WARN_UNUSED_VARIABLE = YES;
				IPHONEOS_DEPLOYMENT_TARGET = 13.2;
				MTL_ENABLE_DEBUG_INFO = INCLUDE_SOURCE;
				MTL_FAST_MATH = YES;
				ONLY_ACTIVE_ARCH = YES;
				SDKROOT = iphoneos;
				SWIFT_ACTIVE_COMPILATION_CONDITIONS = DEBUG;
				SWIFT_OPTIMIZATION_LEVEL = "-Onone";
			};
			name = Debug;
		};
		C76FDBDE263B0DBF0079EA59 /* Release */ = {
			isa = XCBuildConfiguration;
			buildSettings = {
				ALWAYS_SEARCH_USER_PATHS = NO;
				CLANG_ANALYZER_NONNULL = YES;
				CLANG_ANALYZER_NUMBER_OBJECT_CONVERSION = YES_AGGRESSIVE;
				CLANG_CXX_LANGUAGE_STANDARD = "gnu++14";
				CLANG_CXX_LIBRARY = "libc++";
				CLANG_ENABLE_MODULES = YES;
				CLANG_ENABLE_OBJC_ARC = YES;
				CLANG_ENABLE_OBJC_WEAK = YES;
				CLANG_WARN_BLOCK_CAPTURE_AUTORELEASING = YES;
				CLANG_WARN_BOOL_CONVERSION = YES;
				CLANG_WARN_COMMA = YES;
				CLANG_WARN_CONSTANT_CONVERSION = YES;
				CLANG_WARN_DEPRECATED_OBJC_IMPLEMENTATIONS = YES;
				CLANG_WARN_DIRECT_OBJC_ISA_USAGE = YES_ERROR;
				CLANG_WARN_DOCUMENTATION_COMMENTS = YES;
				CLANG_WARN_EMPTY_BODY = YES;
				CLANG_WARN_ENUM_CONVERSION = YES;
				CLANG_WARN_INFINITE_RECURSION = YES;
				CLANG_WARN_INT_CONVERSION = YES;
				CLANG_WARN_NON_LITERAL_NULL_CONVERSION = YES;
				CLANG_WARN_OBJC_IMPLICIT_RETAIN_SELF = YES;
				CLANG_WARN_OBJC_LITERAL_CONVERSION = YES;
				CLANG_WARN_OBJC_ROOT_CLASS = YES_ERROR;
				CLANG_WARN_RANGE_LOOP_ANALYSIS = YES;
				CLANG_WARN_STRICT_PROTOTYPES = YES;
				CLANG_WARN_SUSPICIOUS_MOVE = YES;
				CLANG_WARN_UNGUARDED_AVAILABILITY = YES_AGGRESSIVE;
				CLANG_WARN_UNREACHABLE_CODE = YES;
				CLANG_WARN__DUPLICATE_METHOD_MATCH = YES;
				COPY_PHASE_STRIP = NO;
				DEBUG_INFORMATION_FORMAT = "dwarf-with-dsym";
				ENABLE_NS_ASSERTIONS = NO;
				ENABLE_STRICT_OBJC_MSGSEND = YES;
				GCC_C_LANGUAGE_STANDARD = gnu11;
				GCC_NO_COMMON_BLOCKS = YES;
				GCC_WARN_64_TO_32_BIT_CONVERSION = YES;
				GCC_WARN_ABOUT_RETURN_TYPE = YES_ERROR;
				GCC_WARN_UNDECLARED_SELECTOR = YES;
				GCC_WARN_UNINITIALIZED_AUTOS = YES_AGGRESSIVE;
				GCC_WARN_UNUSED_FUNCTION = YES;
				GCC_WARN_UNUSED_VARIABLE = YES;
				IPHONEOS_DEPLOYMENT_TARGET = 13.2;
				MTL_ENABLE_DEBUG_INFO = NO;
				MTL_FAST_MATH = YES;
				SDKROOT = iphoneos;
				SWIFT_COMPILATION_MODE = wholemodule;
				SWIFT_OPTIMIZATION_LEVEL = "-O";
				VALIDATE_PRODUCT = YES;
			};
			name = Release;
		};
		C76FDBE0263B0DBF0079EA59 /* Debug */ = {
			isa = XCBuildConfiguration;
			buildSettings = {
				ASSETCATALOG_COMPILER_APPICON_NAME = AppIcon;
				CODE_SIGN_STYLE = Automatic;
				DEVELOPMENT_TEAM = VS8YZS88BS;
				INFOPLIST_FILE = customCamera/Info.plist;
				LD_RUNPATH_SEARCH_PATHS = (
					"$(inherited)",
					"@executable_path/Frameworks",
				);
				PRODUCT_BUNDLE_IDENTIFIER = in.nitpa.customCamera;
				PRODUCT_NAME = "$(TARGET_NAME)";
				SWIFT_VERSION = 5.0;
				TARGETED_DEVICE_FAMILY = "1,2";
			};
			name = Debug;
		};
		C76FDBE1263B0DBF0079EA59 /* Release */ = {
			isa = XCBuildConfiguration;
			buildSettings = {
				ASSETCATALOG_COMPILER_APPICON_NAME = AppIcon;
				CODE_SIGN_STYLE = Automatic;
				DEVELOPMENT_TEAM = VS8YZS88BS;
				INFOPLIST_FILE = customCamera/Info.plist;
				LD_RUNPATH_SEARCH_PATHS = (
					"$(inherited)",
					"@executable_path/Frameworks",
				);
				PRODUCT_BUNDLE_IDENTIFIER = in.nitpa.customCamera;
				PRODUCT_NAME = "$(TARGET_NAME)";
				SWIFT_VERSION = 5.0;
				TARGETED_DEVICE_FAMILY = "1,2";
			};
			name = Release;
		};
/* End XCBuildConfiguration section */

/* Begin XCConfigurationList section */
		C76FDBC6263B0DB80079EA59 /* Build configuration list for PBXProject "customCamera" */ = {
			isa = XCConfigurationList;
			buildConfigurations = (
				C76FDBDD263B0DBF0079EA59 /* Debug */,
				C76FDBDE263B0DBF0079EA59 /* Release */,
			);
			defaultConfigurationIsVisible = 0;
			defaultConfigurationName = Release;
		};
		C76FDBDF263B0DBF0079EA59 /* Build configuration list for PBXNativeTarget "customCamera" */ = {
			isa = XCConfigurationList;
			buildConfigurations = (
				C76FDBE0263B0DBF0079EA59 /* Debug */,
				C76FDBE1263B0DBF0079EA59 /* Release */,
			);
			defaultConfigurationIsVisible = 0;
			defaultConfigurationName = Release;
		};
/* End XCConfigurationList section */
	};
	rootObject = C76FDBC3263B0DB80079EA59 /* Project object */;
}
